
Microsoft Visual Studio Solution File, Format Version 12.00
# Visual Studio Version 17
VisualStudioVersion = 17.2.32526.322
MinimumVisualStudioVersion = 10.0.40219.1
Project("{8BC9CEB8-8B4A-11D0-8D11-00A0C91BC942}") = "number-of-ways-to-make-change", "number-of-ways-to-make-change\number-of-ways-to-make-change.vcxproj", "{B30BE65E-47AB-4943-95E1-3C4EB4987E54}"
EndProject
Global
	GlobalSection(SolutionConfigurationPlatforms) = preSolution
		Debug|x64 = Debug|x64
		Debug|x86 = Debug|x86
		Release|x64 = Release|x64
		Release|x86 = Release|x86
	EndGlobalSection
	GlobalSection(ProjectConfigurationPlatforms) = postSolution
		{B30BE65E-47AB-4943-95E1-3C4EB4987E54}.Debug|x64.ActiveCfg = Debug|x64
		{B30BE65E-47AB-4943-95E1-3C4EB4987E54}.Debug|x64.Build.0 = Debug|x64
		{B30BE65E-47AB-4943-95E1-3C4EB4987E54}.Debug|x86.ActiveCfg = Debug|Win32
		{B30BE65E-47AB-4943-95E1-3C4EB4987E54}.Debug|x86.Build.0 = Debug|Win32
		{B30BE65E-47AB-4943-95E1-3C4EB4987E54}.Release|x64.ActiveCfg = Release|x64
		{B30BE65E-47AB-4943-95E1-3C4EB4987E54}.Release|x64.Build.0 = Release|x64
		{B30BE65E-47AB-4943-95E1-3C4EB4987E54}.Release|x86.ActiveCfg = Release|Win32
		{B30BE65E-47AB-4943-95E1-3C4EB4987E54}.Release|x86.Build.0 = Release|Win32
	EndGlobalSection
	GlobalSection(SolutionProperties) = preSolution
		HideSolutionNode = FALSE
	EndGlobalSection
	GlobalSection(ExtensibilityGlobals) = postSolution
		SolutionGuid = {D9AB257F-988F-4868-ADDA-D2FE74D7AD69}
	EndGlobalSection
EndGlobal
